
Microsoft Visual Studio Solution File, Format Version 12.00
# Visual Studio Version 17
VisualStudioVersion = 17.3.32811.315
MinimumVisualStudioVersion = 10.0.40219.1
Project("{FAE04EC0-301F-11D3-BF4B-00C04F79EFBC}") = "Black jack 2.04", "Black jack 2.04\Black jack 2.04.csproj", "{9E04BF33-B5F2-4985-89C2-D4615149B152}"
EndProject
Global
	GlobalSection(SolutionConfigurationPlatforms) = preSolution
		Debug|Any CPU = Debug|Any CPU
		Release|Any CPU = Release|Any CPU
	EndGlobalSection
	GlobalSection(ProjectConfigurationPlatforms) = postSolution
		{9E04BF33-B5F2-4985-89C2-D4615149B152}.Debug|Any CPU.ActiveCfg = Debug|Any CPU
		{9E04BF33-B5F2-4985-89C2-D4615149B152}.Debug|Any CPU.Build.0 = Debug|Any CPU
		{9E04BF33-B5F2-4985-89C2-D4615149B152}.Release|Any CPU.ActiveCfg = Release|Any CPU
		{9E04BF33-B5F2-4985-89C2-D4615149B152}.Release|Any CPU.Build.0 = Release|Any CPU
	EndGlobalSection
	GlobalSection(SolutionProperties) = preSolution
		HideSolutionNode = FALSE
	EndGlobalSection
	GlobalSection(ExtensibilityGlobals) = postSolution
		SolutionGuid = {28B03EDB-1B68-41ED-A374-3CA8EBAE0981}
	EndGlobalSection
EndGlobal
